// !$*UTF8*$!
{
	archiveVersion = 1;
	classes = {
	};
	objectVersion = 51;
	objects = {

/* Begin PBXBuildFile section */
		9F36768226BC31C400EF6DD5 /* AppDelegate.swift in Sources */ = {isa = PBXBuildFile; fileRef = 9F36768126BC31C400EF6DD5 /* AppDelegate.swift */; };
		9F36768426BC31C400EF6DD5 /* SceneDelegate.swift in Sources */ = {isa = PBXBuildFile; fileRef = 9F36768326BC31C400EF6DD5 /* SceneDelegate.swift */; };
		9F36768626BC31C400EF6DD5 /* ViewController.swift in Sources */ = {isa = PBXBuildFile; fileRef = 9F36768526BC31C400EF6DD5 /* ViewController.swift */; };
		9F36768926BC31C400EF6DD5 /* Main.storyboard in Resources */ = {isa = PBXBuildFile; fileRef = 9F36768726BC31C400EF6DD5 /* Main.storyboard */; };
		9F36768C26BC31C400EF6DD5 /* MoviesApp.xcdatamodeld in Sources */ = {isa = PBXBuildFile; fileRef = 9F36768A26BC31C400EF6DD5 /* MoviesApp.xcdatamodeld */; };
		9F36768E26BC31C500EF6DD5 /* Assets.xcassets in Resources */ = {isa = PBXBuildFile; fileRef = 9F36768D26BC31C500EF6DD5 /* Assets.xcassets */; };
		9F36769126BC31C500EF6DD5 /* LaunchScreen.storyboard in Resources */ = {isa = PBXBuildFile; fileRef = 9F36768F26BC31C500EF6DD5 /* LaunchScreen.storyboard */; };
		9F36769C26BC31C500EF6DD5 /* MoviesAppTests.swift in Sources */ = {isa = PBXBuildFile; fileRef = 9F36769B26BC31C500EF6DD5 /* MoviesAppTests.swift */; };
		9F3676A726BC31C600EF6DD5 /* MoviesAppUITests.swift in Sources */ = {isa = PBXBuildFile; fileRef = 9F3676A626BC31C600EF6DD5 /* MoviesAppUITests.swift */; };
		9F3991B326CBDD3F002A5A5D /* MovieDetailsViewController.swift in Sources */ = {isa = PBXBuildFile; fileRef = 9F3991B226CBDD3F002A5A5D /* MovieDetailsViewController.swift */; };
		9F8D2B5C26CFDE4D00B6645E /* TrailerCollectionViewCell.swift in Sources */ = {isa = PBXBuildFile; fileRef = 9F8D2B5B26CFDE4D00B6645E /* TrailerCollectionViewCell.swift */; };
		9FA90EA826D2A45B00F28414 /* ReviewsViewController.swift in Sources */ = {isa = PBXBuildFile; fileRef = 9FA90EA726D2A45B00F28414 /* ReviewsViewController.swift */; };
		9FA90EAD26D2EE5E00F28414 /* FavoriteTableViewController.swift in Sources */ = {isa = PBXBuildFile; fileRef = 9FA90EAC26D2EE5E00F28414 /* FavoriteTableViewController.swift */; };
		9FA90EB226D2EEA900F28414 /* FavoriteTableViewCell.swift in Sources */ = {isa = PBXBuildFile; fileRef = 9FA90EB126D2EEA900F28414 /* FavoriteTableViewCell.swift */; };
		9FAADF3A26CF2184006D97D3 /* Trailer.swift in Sources */ = {isa = PBXBuildFile; fileRef = 9FAADF3926CF2184006D97D3 /* Trailer.swift */; };
		9FAADF3F26CF2423006D97D3 /* Review.swift in Sources */ = {isa = PBXBuildFile; fileRef = 9FAADF3E26CF2423006D97D3 /* Review.swift */; };
		9FB1784A26C2A51B0011CDAE /* HomeCollectionViewController.swift in Sources */ = {isa = PBXBuildFile; fileRef = 9FB1784926C2A51B0011CDAE /* HomeCollectionViewController.swift */; };
		9FB1784F26C2A9970011CDAE /* MovieCell.swift in Sources */ = {isa = PBXBuildFile; fileRef = 9FB1784E26C2A9970011CDAE /* MovieCell.swift */; };
		9FB1785526C2B4330011CDAE /* ConnectionHandler.swift in Sources */ = {isa = PBXBuildFile; fileRef = 9FB1785426C2B4330011CDAE /* ConnectionHandler.swift */; };
		9FB1785D26C2B46B0011CDAE /* Constants.swift in Sources */ = {isa = PBXBuildFile; fileRef = 9FB1785C26C2B46B0011CDAE /* Constants.swift */; };
		9FB1786326C2B4BB0011CDAE /* Movies.swift in Sources */ = {isa = PBXBuildFile; fileRef = 9FB1786226C2B4BB0011CDAE /* Movies.swift */; };
		BA6BC6D36559C9F0A6347F04 /* Pods_MoviesApp.framework in Frameworks */ = {isa = PBXBuildFile; fileRef = ECED55B1A2DFB22D394F77EA /* Pods_MoviesApp.framework */; };
/* End PBXBuildFile section */

/* Begin PBXContainerItemProxy section */
		9F36769826BC31C500EF6DD5 /* PBXContainerItemProxy */ = {
			isa = PBXContainerItemProxy;
			containerPortal = 9F36767626BC31C400EF6DD5 /* Project object */;
			proxyType = 1;
			remoteGlobalIDString = 9F36767D26BC31C400EF6DD5;
			remoteInfo = MoviesApp;
		};
		9F3676A326BC31C500EF6DD5 /* PBXContainerItemProxy */ = {
			isa = PBXContainerItemProxy;
			containerPortal = 9F36767626BC31C400EF6DD5 /* Project object */;
			proxyType = 1;
			remoteGlobalIDString = 9F36767D26BC31C400EF6DD5;
			remoteInfo = MoviesApp;
		};
/* End PBXContainerItemProxy section */

/* Begin PBXFileReference section */
		9F36767E26BC31C400EF6DD5 /* MoviesApp.app */ = {isa = PBXFileReference; explicitFileType = wrapper.application; includeInIndex = 0; path = MoviesApp.app; sourceTree = BUILT_PRODUCTS_DIR; };
		9F36768126BC31C400EF6DD5 /* AppDelegate.swift */ = {isa = PBXFileReference; lastKnownFileType = sourcecode.swift; path = AppDelegate.swift; sourceTree = "<group>"; };
		9F36768326BC31C400EF6DD5 /* SceneDelegate.swift */ = {isa = PBXFileReference; lastKnownFileType = sourcecode.swift; path = SceneDelegate.swift; sourceTree = "<group>"; };
		9F36768526BC31C400EF6DD5 /* ViewController.swift */ = {isa = PBXFileReference; lastKnownFileType = sourcecode.swift; path = ViewController.swift; sourceTree = "<group>"; };
		9F36768826BC31C400EF6DD5 /* Base */ = {isa = PBXFileReference; lastKnownFileType = file.storyboard; name = Base; path = Base.lproj/Main.storyboard; sourceTree = "<group>"; };
		9F36768B26BC31C400EF6DD5 /* MoviesApp.xcdatamodel */ = {isa = PBXFileReference; lastKnownFileType = wrapper.xcdatamodel; path = MoviesApp.xcdatamodel; sourceTree = "<group>"; };
		9F36768D26BC31C500EF6DD5 /* Assets.xcassets */ = {isa = PBXFileReference; lastKnownFileType = folder.assetcatalog; path = Assets.xcassets; sourceTree = "<group>"; };
		9F36769026BC31C500EF6DD5 /* Base */ = {isa = PBXFileReference; lastKnownFileType = file.storyboard; name = Base; path = Base.lproj/LaunchScreen.storyboard; sourceTree = "<group>"; };
		9F36769226BC31C500EF6DD5 /* Info.plist */ = {isa = PBXFileReference; lastKnownFileType = text.plist.xml; path = Info.plist; sourceTree = "<group>"; };
		9F36769726BC31C500EF6DD5 /* MoviesAppTests.xctest */ = {isa = PBXFileReference; explicitFileType = wrapper.cfbundle; includeInIndex = 0; path = MoviesAppTests.xctest; sourceTree = BUILT_PRODUCTS_DIR; };
		9F36769B26BC31C500EF6DD5 /* MoviesAppTests.swift */ = {isa = PBXFileReference; lastKnownFileType = sourcecode.swift; path = MoviesAppTests.swift; sourceTree = "<group>"; };
		9F36769D26BC31C500EF6DD5 /* Info.plist */ = {isa = PBXFileReference; lastKnownFileType = text.plist.xml; path = Info.plist; sourceTree = "<group>"; };
		9F3676A226BC31C500EF6DD5 /* MoviesAppUITests.xctest */ = {isa = PBXFileReference; explicitFileType = wrapper.cfbundle; includeInIndex = 0; path = MoviesAppUITests.xctest; sourceTree = BUILT_PRODUCTS_DIR; };
		9F3676A626BC31C600EF6DD5 /* MoviesAppUITests.swift */ = {isa = PBXFileReference; lastKnownFileType = sourcecode.swift; path = MoviesAppUITests.swift; sourceTree = "<group>"; };
		9F3676A826BC31C600EF6DD5 /* Info.plist */ = {isa = PBXFileReference; lastKnownFileType = text.plist.xml; path = Info.plist; sourceTree = "<group>"; };
		9F3991B226CBDD3F002A5A5D /* MovieDetailsViewController.swift */ = {isa = PBXFileReference; lastKnownFileType = sourcecode.swift; path = MovieDetailsViewController.swift; sourceTree = "<group>"; };
		9F8D2B5B26CFDE4D00B6645E /* TrailerCollectionViewCell.swift */ = {isa = PBXFileReference; lastKnownFileType = sourcecode.swift; path = TrailerCollectionViewCell.swift; sourceTree = "<group>"; };
		9FA90EA726D2A45B00F28414 /* ReviewsViewController.swift */ = {isa = PBXFileReference; lastKnownFileType = sourcecode.swift; path = ReviewsViewController.swift; sourceTree = "<group>"; };
		9FA90EAC26D2EE5E00F28414 /* FavoriteTableViewController.swift */ = {isa = PBXFileReference; lastKnownFileType = sourcecode.swift; path = FavoriteTableViewController.swift; sourceTree = "<group>"; };
		9FA90EB126D2EEA900F28414 /* FavoriteTableViewCell.swift */ = {isa = PBXFileReference; lastKnownFileType = sourcecode.swift; path = FavoriteTableViewCell.swift; sourceTree = "<group>"; };
		9FAADF3926CF2184006D97D3 /* Trailer.swift */ = {isa = PBXFileReference; lastKnownFileType = sourcecode.swift; path = Trailer.swift; sourceTree = "<group>"; };
		9FAADF3E26CF2423006D97D3 /* Review.swift */ = {isa = PBXFileReference; lastKnownFileType = sourcecode.swift; path = Review.swift; sourceTree = "<group>"; };
		9FB1784926C2A51B0011CDAE /* HomeCollectionViewController.swift */ = {isa = PBXFileReference; lastKnownFileType = sourcecode.swift; path = HomeCollectionViewController.swift; sourceTree = "<group>"; };
		9FB1784E26C2A9970011CDAE /* MovieCell.swift */ = {isa = PBXFileReference; lastKnownFileType = sourcecode.swift; path = MovieCell.swift; sourceTree = "<group>"; };
		9FB1785426C2B4330011CDAE /* ConnectionHandler.swift */ = {isa = PBXFileReference; lastKnownFileType = sourcecode.swift; path = ConnectionHandler.swift; sourceTree = "<group>"; };
		9FB1785C26C2B46B0011CDAE /* Constants.swift */ = {isa = PBXFileReference; lastKnownFileType = sourcecode.swift; path = Constants.swift; sourceTree = "<group>"; };
		9FB1786226C2B4BB0011CDAE /* Movies.swift */ = {isa = PBXFileReference; lastKnownFileType = sourcecode.swift; path = Movies.swift; sourceTree = "<group>"; };
		DE0ADCDACEAC8A6FBF611401 /* Pods-MoviesApp.debug.xcconfig */ = {isa = PBXFileReference; includeInIndex = 1; lastKnownFileType = text.xcconfig; name = "Pods-MoviesApp.debug.xcconfig"; path = "Target Support Files/Pods-MoviesApp/Pods-MoviesApp.debug.xcconfig"; sourceTree = "<group>"; };
		ECED55B1A2DFB22D394F77EA /* Pods_MoviesApp.framework */ = {isa = PBXFileReference; explicitFileType = wrapper.framework; includeInIndex = 0; path = Pods_MoviesApp.framework; sourceTree = BUILT_PRODUCTS_DIR; };
		FF9F3427963546A8B8F358AA /* Pods-MoviesApp.release.xcconfig */ = {isa = PBXFileReference; includeInIndex = 1; lastKnownFileType = text.xcconfig; name = "Pods-MoviesApp.release.xcconfig"; path = "Target Support Files/Pods-MoviesApp/Pods-MoviesApp.release.xcconfig"; sourceTree = "<group>"; };
/* End PBXFileReference section */

/* Begin PBXFrameworksBuildPhase section */
		9F36767B26BC31C400EF6DD5 /* Frameworks */ = {
			isa = PBXFrameworksBuildPhase;
			buildActionMask = 2147483647;
			files = (
				BA6BC6D36559C9F0A6347F04 /* Pods_MoviesApp.framework in Frameworks */,
			);
			runOnlyForDeploymentPostprocessing = 0;
		};
		9F36769426BC31C500EF6DD5 /* Frameworks */ = {
			isa = PBXFrameworksBuildPhase;
			buildActionMask = 2147483647;
			files = (
			);
			runOnlyForDeploymentPostprocessing = 0;
		};
		9F36769F26BC31C500EF6DD5 /* Frameworks */ = {
			isa = PBXFrameworksBuildPhase;
			buildActionMask = 2147483647;
			files = (
			);
			runOnlyForDeploymentPostprocessing = 0;
		};
/* End PBXFrameworksBuildPhase section */

/* Begin PBXGroup section */
		8E3EEB50C947896FDD27A744 /* Pods */ = {
			isa = PBXGroup;
			children = (
				DE0ADCDACEAC8A6FBF611401 /* Pods-MoviesApp.debug.xcconfig */,
				FF9F3427963546A8B8F358AA /* Pods-MoviesApp.release.xcconfig */,
			);
			path = Pods;
			sourceTree = "<group>";
		};
		9F36767526BC31C400EF6DD5 = {
			isa = PBXGroup;
			children = (
				9F36768026BC31C400EF6DD5 /* MoviesApp */,
				9F36769A26BC31C500EF6DD5 /* MoviesAppTests */,
				9F3676A526BC31C500EF6DD5 /* MoviesAppUITests */,
				9F36767F26BC31C400EF6DD5 /* Products */,
				8E3EEB50C947896FDD27A744 /* Pods */,
				AB664E8B6F8078D70EDF6D62 /* Frameworks */,
			);
			sourceTree = "<group>";
		};
		9F36767F26BC31C400EF6DD5 /* Products */ = {
			isa = PBXGroup;
			children = (
				9F36767E26BC31C400EF6DD5 /* MoviesApp.app */,
				9F36769726BC31C500EF6DD5 /* MoviesAppTests.xctest */,
				9F3676A226BC31C500EF6DD5 /* MoviesAppUITests.xctest */,
			);
			name = Products;
			sourceTree = "<group>";
		};
		9F36768026BC31C400EF6DD5 /* MoviesApp */ = {
			isa = PBXGroup;
			children = (
				9FB1786126C2B49E0011CDAE /* Model */,
				9FB1785326C2B3ED0011CDAE /* Services */,
				9F3676B826BC34EC00EF6DD5 /* Views */,
				9F3676B726BC34DA00EF6DD5 /* ViewControllers */,
				9F36768126BC31C400EF6DD5 /* AppDelegate.swift */,
				9F36768326BC31C400EF6DD5 /* SceneDelegate.swift */,
				9F36768D26BC31C500EF6DD5 /* Assets.xcassets */,
				9F36768F26BC31C500EF6DD5 /* LaunchScreen.storyboard */,
				9F36769226BC31C500EF6DD5 /* Info.plist */,
				9F36768A26BC31C400EF6DD5 /* MoviesApp.xcdatamodeld */,
				9FB1785C26C2B46B0011CDAE /* Constants.swift */,
			);
			path = MoviesApp;
			sourceTree = "<group>";
		};
		9F36769A26BC31C500EF6DD5 /* MoviesAppTests */ = {
			isa = PBXGroup;
			children = (
				9F36769B26BC31C500EF6DD5 /* MoviesAppTests.swift */,
				9F36769D26BC31C500EF6DD5 /* Info.plist */,
			);
			path = MoviesAppTests;
			sourceTree = "<group>";
		};
		9F3676A526BC31C500EF6DD5 /* MoviesAppUITests */ = {
			isa = PBXGroup;
			children = (
				9F3676A626BC31C600EF6DD5 /* MoviesAppUITests.swift */,
				9F3676A826BC31C600EF6DD5 /* Info.plist */,
			);
			path = MoviesAppUITests;
			sourceTree = "<group>";
		};
		9F3676B726BC34DA00EF6DD5 /* ViewControllers */ = {
			isa = PBXGroup;
			children = (
				9F36768526BC31C400EF6DD5 /* ViewController.swift */,
				9FB1784926C2A51B0011CDAE /* HomeCollectionViewController.swift */,
				9FB1784E26C2A9970011CDAE /* MovieCell.swift */,
				9F3991B226CBDD3F002A5A5D /* MovieDetailsViewController.swift */,
				9F8D2B5B26CFDE4D00B6645E /* TrailerCollectionViewCell.swift */,
				9FA90EA726D2A45B00F28414 /* ReviewsViewController.swift */,
				9FA90EAC26D2EE5E00F28414 /* FavoriteTableViewController.swift */,
				9FA90EB126D2EEA900F28414 /* FavoriteTableViewCell.swift */,
			);
			path = ViewControllers;
			sourceTree = "<group>";
		};
		9F3676B826BC34EC00EF6DD5 /* Views */ = {
			isa = PBXGroup;
			children = (
				9F36768726BC31C400EF6DD5 /* Main.storyboard */,
			);
			path = Views;
			sourceTree = "<group>";
		};
		9FB1785326C2B3ED0011CDAE /* Services */ = {
			isa = PBXGroup;
			children = (
				9FB1785426C2B4330011CDAE /* ConnectionHandler.swift */,
			);
			path = Services;
			sourceTree = "<group>";
		};
		9FB1786126C2B49E0011CDAE /* Model */ = {
			isa = PBXGroup;
			children = (
				9FB1786226C2B4BB0011CDAE /* Movies.swift */,
				9FAADF3926CF2184006D97D3 /* Trailer.swift */,
				9FAADF3E26CF2423006D97D3 /* Review.swift */,
			);
			path = Model;
			sourceTree = "<group>";
		};
		AB664E8B6F8078D70EDF6D62 /* Frameworks */ = {
			isa = PBXGroup;
			children = (
				ECED55B1A2DFB22D394F77EA /* Pods_MoviesApp.framework */,
			);
			name = Frameworks;
			sourceTree = "<group>";
		};
/* End PBXGroup section */

/* Begin PBXNativeTarget section */
		9F36767D26BC31C400EF6DD5 /* MoviesApp */ = {
			isa = PBXNativeTarget;
			buildConfigurationList = 9F3676AB26BC31C600EF6DD5 /* Build configuration list for PBXNativeTarget "MoviesApp" */;
			buildPhases = (
				5330BEFB5D565BEFDFF06FD5 /* [CP] Check Pods Manifest.lock */,
				9F36767A26BC31C400EF6DD5 /* Sources */,
				9F36767B26BC31C400EF6DD5 /* Frameworks */,
				9F36767C26BC31C400EF6DD5 /* Resources */,
				4D49EC225A318110BA526159 /* [CP] Embed Pods Frameworks */,
			);
			buildRules = (
			);
			dependencies = (
			);
			name = MoviesApp;
			productName = MoviesApp;
			productReference = 9F36767E26BC31C400EF6DD5 /* MoviesApp.app */;
			productType = "com.apple.product-type.application";
		};
		9F36769626BC31C500EF6DD5 /* MoviesAppTests */ = {
			isa = PBXNativeTarget;
			buildConfigurationList = 9F3676AE26BC31C600EF6DD5 /* Build configuration list for PBXNativeTarget "MoviesAppTests" */;
			buildPhases = (
				9F36769326BC31C500EF6DD5 /* Sources */,
				9F36769426BC31C500EF6DD5 /* Frameworks */,
				9F36769526BC31C500EF6DD5 /* Resources */,
			);
			buildRules = (
			);
			dependencies = (
				9F36769926BC31C500EF6DD5 /* PBXTargetDependency */,
			);
			name = MoviesAppTests;
			productName = MoviesAppTests;
			productReference = 9F36769726BC31C500EF6DD5 /* MoviesAppTests.xctest */;
			productType = "com.apple.product-type.bundle.unit-test";
		};
		9F3676A126BC31C500EF6DD5 /* MoviesAppUITests */ = {
			isa = PBXNativeTarget;
			buildConfigurationList = 9F3676B126BC31C600EF6DD5 /* Build configuration list for PBXNativeTarget "MoviesAppUITests" */;
			buildPhases = (
				9F36769E26BC31C500EF6DD5 /* Sources */,
				9F36769F26BC31C500EF6DD5 /* Frameworks */,
				9F3676A026BC31C500EF6DD5 /* Resources */,
			);
			buildRules = (
			);
			dependencies = (
				9F3676A426BC31C500EF6DD5 /* PBXTargetDependency */,
			);
			name = MoviesAppUITests;
			productName = MoviesAppUITests;
			productReference = 9F3676A226BC31C500EF6DD5 /* MoviesAppUITests.xctest */;
			productType = "com.apple.product-type.bundle.ui-testing";
		};
/* End PBXNativeTarget section */

/* Begin PBXProject section */
		9F36767626BC31C400EF6DD5 /* Project object */ = {
			isa = PBXProject;
			attributes = {
				LastSwiftUpdateCheck = 1240;
				LastUpgradeCheck = 1240;
				TargetAttributes = {
					9F36767D26BC31C400EF6DD5 = {
						CreatedOnToolsVersion = 12.4;
					};
					9F36769626BC31C500EF6DD5 = {
						CreatedOnToolsVersion = 12.4;
						TestTargetID = 9F36767D26BC31C400EF6DD5;
					};
					9F3676A126BC31C500EF6DD5 = {
						CreatedOnToolsVersion = 12.4;
						TestTargetID = 9F36767D26BC31C400EF6DD5;
					};
				};
			};
			buildConfigurationList = 9F36767926BC31C400EF6DD5 /* Build configuration list for PBXProject "MoviesApp" */;
			compatibilityVersion = "Xcode 9.3";
			developmentRegion = en;
			hasScannedForEncodings = 0;
			knownRegions = (
				en,
				Base,
			);
			mainGroup = 9F36767526BC31C400EF6DD5;
			productRefGroup = 9F36767F26BC31C400EF6DD5 /* Products */;
			projectDirPath = "";
			projectRoot = "";
			targets = (
				9F36767D26BC31C400EF6DD5 /* MoviesApp */,
				9F36769626BC31C500EF6DD5 /* MoviesAppTests */,
				9F3676A126BC31C500EF6DD5 /* MoviesAppUITests */,
			);
		};
/* End PBXProject section */

/* Begin PBXResourcesBuildPhase section */
		9F36767C26BC31C400EF6DD5 /* Resources */ = {
			isa = PBXResourcesBuildPhase;
			buildActionMask = 2147483647;
			files = (
				9F36769126BC31C500EF6DD5 /* LaunchScreen.storyboard in Resources */,
				9F36768E26BC31C500EF6DD5 /* Assets.xcassets in Resources */,
				9F36768926BC31C400EF6DD5 /* Main.storyboard in Resources */,
			);
			runOnlyForDeploymentPostprocessing = 0;
		};
		9F36769526BC31C500EF6DD5 /* Resources */ = {
			isa = PBXResourcesBuildPhase;
			buildActionMask = 2147483647;
			files = (
			);
			runOnlyForDeploymentPostprocessing = 0;
		};
		9F3676A026BC31C500EF6DD5 /* Resources */ = {
			isa = PBXResourcesBuildPhase;
			buildActionMask = 2147483647;
			files = (
			);
			runOnlyForDeploymentPostprocessing = 0;
		};
/* End PBXResourcesBuildPhase section */

/* Begin PBXShellScriptBuildPhase section */
		4D49EC225A318110BA526159 /* [CP] Embed Pods Frameworks */ = {
			isa = PBXShellScriptBuildPhase;
			buildActionMask = 2147483647;
			files = (
			);
			inputFileListPaths = (
				"${PODS_ROOT}/Target Support Files/Pods-MoviesApp/Pods-MoviesApp-frameworks-${CONFIGURATION}-input-files.xcfilelist",
			);
			name = "[CP] Embed Pods Frameworks";
			outputFileListPaths = (
				"${PODS_ROOT}/Target Support Files/Pods-MoviesApp/Pods-MoviesApp-frameworks-${CONFIGURATION}-output-files.xcfilelist",
			);
			runOnlyForDeploymentPostprocessing = 0;
			shellPath = /bin/sh;
			shellScript = "\"${PODS_ROOT}/Target Support Files/Pods-MoviesApp/Pods-MoviesApp-frameworks.sh\"\n";
			showEnvVarsInLog = 0;
		};
		5330BEFB5D565BEFDFF06FD5 /* [CP] Check Pods Manifest.lock */ = {
			isa = PBXShellScriptBuildPhase;
			buildActionMask = 2147483647;
			files = (
			);
			inputFileListPaths = (
			);
			inputPaths = (
				"${PODS_PODFILE_DIR_PATH}/Podfile.lock",
				"${PODS_ROOT}/Manifest.lock",
			);
			name = "[CP] Check Pods Manifest.lock";
			outputFileListPaths = (
			);
			outputPaths = (
				"$(DERIVED_FILE_DIR)/Pods-MoviesApp-checkManifestLockResult.txt",
			);
			runOnlyForDeploymentPostprocessing = 0;
			shellPath = /bin/sh;
			shellScript = "diff \"${PODS_PODFILE_DIR_PATH}/Podfile.lock\" \"${PODS_ROOT}/Manifest.lock\" > /dev/null\nif [ $? != 0 ] ; then\n    # print error to STDERR\n    echo \"error: The sandbox is not in sync with the Podfile.lock. Run 'pod install' or update your CocoaPods installation.\" >&2\n    exit 1\nfi\n# This output is used by Xcode 'outputs' to avoid re-running this script phase.\necho \"SUCCESS\" > \"${SCRIPT_OUTPUT_FILE_0}\"\n";
			showEnvVarsInLog = 0;
		};
/* End PBXShellScriptBuildPhase section */

/* Begin PBXSourcesBuildPhase section */
		9F36767A26BC31C400EF6DD5 /* Sources */ = {
			isa = PBXSourcesBuildPhase;
			buildActionMask = 2147483647;
			files = (
				9FAADF3A26CF2184006D97D3 /* Trailer.swift in Sources */,
				9F8D2B5C26CFDE4D00B6645E /* TrailerCollectionViewCell.swift in Sources */,
				9F3991B326CBDD3F002A5A5D /* MovieDetailsViewController.swift in Sources */,
				9F36768626BC31C400EF6DD5 /* ViewController.swift in Sources */,
				9FA90EA826D2A45B00F28414 /* ReviewsViewController.swift in Sources */,
				9FA90EAD26D2EE5E00F28414 /* FavoriteTableViewController.swift in Sources */,
				9F36768226BC31C400EF6DD5 /* AppDelegate.swift in Sources */,
				9FB1784F26C2A9970011CDAE /* MovieCell.swift in Sources */,
				9FAADF3F26CF2423006D97D3 /* Review.swift in Sources */,
				9FA90EB226D2EEA900F28414 /* FavoriteTableViewCell.swift in Sources */,
				9FB1785526C2B4330011CDAE /* ConnectionHandler.swift in Sources */,
				9F36768C26BC31C400EF6DD5 /* MoviesApp.xcdatamodeld in Sources */,
				9FB1786326C2B4BB0011CDAE /* Movies.swift in Sources */,
				9FB1784A26C2A51B0011CDAE /* HomeCollectionViewController.swift in Sources */,
				9F36768426BC31C400EF6DD5 /* SceneDelegate.swift in Sources */,
				9FB1785D26C2B46B0011CDAE /* Constants.swift in Sources */,
			);
			runOnlyForDeploymentPostprocessing = 0;
		};
		9F36769326BC31C500EF6DD5 /* Sources */ = {
			isa = PBXSourcesBuildPhase;
			buildActionMask = 2147483647;
			files = (
				9F36769C26BC31C500EF6DD5 /* MoviesAppTests.swift in Sources */,
			);
			runOnlyForDeploymentPostprocessing = 0;
		};
		9F36769E26BC31C500EF6DD5 /* Sources */ = {
			isa = PBXSourcesBuildPhase;
			buildActionMask = 2147483647;
			files = (
				9F3676A726BC31C600EF6DD5 /* MoviesAppUITests.swift in Sources */,
			);
			runOnlyForDeploymentPostprocessing = 0;
		};
/* End PBXSourcesBuildPhase section */

/* Begin PBXTargetDependency section */
		9F36769926BC31C500EF6DD5 /* PBXTargetDependency */ = {
			isa = PBXTargetDependency;
			target = 9F36767D26BC31C400EF6DD5 /* MoviesApp */;
			targetProxy = 9F36769826BC31C500EF6DD5 /* PBXContainerItemProxy */;
		};
		9F3676A426BC31C500EF6DD5 /* PBXTargetDependency */ = {
			isa = PBXTargetDependency;
			target = 9F36767D26BC31C400EF6DD5 /* MoviesApp */;
			targetProxy = 9F3676A326BC31C500EF6DD5 /* PBXContainerItemProxy */;
		};
/* End PBXTargetDependency section */

/* Begin PBXVariantGroup section */
		9F36768726BC31C400EF6DD5 /* Main.storyboard */ = {
			isa = PBXVariantGroup;
			children = (
				9F36768826BC31C400EF6DD5 /* Base */,
			);
			name = Main.storyboard;
			sourceTree = "<group>";
		};
		9F36768F26BC31C500EF6DD5 /* LaunchScreen.storyboard */ = {
			isa = PBXVariantGroup;
			children = (
				9F36769026BC31C500EF6DD5 /* Base */,
			);
			name = LaunchScreen.storyboard;
			sourceTree = "<group>";
		};
/* End PBXVariantGroup section */

/* Begin XCBuildConfiguration section */
		9F3676A926BC31C600EF6DD5 /* Debug */ = {
			isa = XCBuildConfiguration;
			buildSettings = {
				ALWAYS_SEARCH_USER_PATHS = NO;
				CLANG_ANALYZER_NONNULL = YES;
				CLANG_ANALYZER_NUMBER_OBJECT_CONVERSION = YES_AGGRESSIVE;
				CLANG_CXX_LANGUAGE_STANDARD = "gnu++14";
				CLANG_CXX_LIBRARY = "libc++";
				CLANG_ENABLE_MODULES = YES;
				CLANG_ENABLE_OBJC_ARC = YES;
				CLANG_ENABLE_OBJC_WEAK = YES;
				CLANG_WARN_BLOCK_CAPTURE_AUTORELEASING = YES;
				CLANG_WARN_BOOL_CONVERSION = YES;
				CLANG_WARN_COMMA = YES;
				CLANG_WARN_CONSTANT_CONVERSION = YES;
				CLANG_WARN_DEPRECATED_OBJC_IMPLEMENTATIONS = YES;
				CLANG_WARN_DIRECT_OBJC_ISA_USAGE = YES_ERROR;
				CLANG_WARN_DOCUMENTATION_COMMENTS = YES;
				CLANG_WARN_EMPTY_BODY = YES;
				CLANG_WARN_ENUM_CONVERSION = YES;
				CLANG_WARN_INFINITE_RECURSION = YES;
				CLANG_WARN_INT_CONVERSION = YES;
				CLANG_WARN_NON_LITERAL_NULL_CONVERSION = YES;
				CLANG_WARN_OBJC_IMPLICIT_RETAIN_SELF = YES;
				CLANG_WARN_OBJC_LITERAL_CONVERSION = YES;
				CLANG_WARN_OBJC_ROOT_CLASS = YES_ERROR;
				CLANG_WARN_QUOTED_INCLUDE_IN_FRAMEWORK_HEADER = YES;
				CLANG_WARN_RANGE_LOOP_ANALYSIS = YES;
				CLANG_WARN_STRICT_PROTOTYPES = YES;
				CLANG_WARN_SUSPICIOUS_MOVE = YES;
				CLANG_WARN_UNGUARDED_AVAILABILITY = YES_AGGRESSIVE;
				CLANG_WARN_UNREACHABLE_CODE = YES;
				CLANG_WARN__DUPLICATE_METHOD_MATCH = YES;
				COPY_PHASE_STRIP = NO;
				DEBUG_INFORMATION_FORMAT = dwarf;
				ENABLE_STRICT_OBJC_MSGSEND = YES;
				ENABLE_TESTABILITY = YES;
				GCC_C_LANGUAGE_STANDARD = gnu11;
				GCC_DYNAMIC_NO_PIC = NO;
				GCC_NO_COMMON_BLOCKS = YES;
				GCC_OPTIMIZATION_LEVEL = 0;
				GCC_PREPROCESSOR_DEFINITIONS = (
					"DEBUG=1",
					"$(inherited)",
				);
				GCC_WARN_64_TO_32_BIT_CONVERSION = YES;
				GCC_WARN_ABOUT_RETURN_TYPE = YES_ERROR;
				GCC_WARN_UNDECLARED_SELECTOR = YES;
				GCC_WARN_UNINITIALIZED_AUTOS = YES_AGGRESSIVE;
				GCC_WARN_UNUSED_FUNCTION = YES;
				GCC_WARN_UNUSED_VARIABLE = YES;
				IPHONEOS_DEPLOYMENT_TARGET = 14.4;
				MTL_ENABLE_DEBUG_INFO = INCLUDE_SOURCE;
				MTL_FAST_MATH = YES;
				ONLY_ACTIVE_ARCH = YES;
				SDKROOT = iphoneos;
				SWIFT_ACTIVE_COMPILATION_CONDITIONS = DEBUG;
				SWIFT_OPTIMIZATION_LEVEL = "-Onone";
			};
			name = Debug;
		};
		9F3676AA26BC31C600EF6DD5 /* Release */ = {
			isa = XCBuildConfiguration;
			buildSettings = {
				ALWAYS_SEARCH_USER_PATHS = NO;
				CLANG_ANALYZER_NONNULL = YES;
				CLANG_ANALYZER_NUMBER_OBJECT_CONVERSION = YES_AGGRESSIVE;
				CLANG_CXX_LANGUAGE_STANDARD = "gnu++14";
				CLANG_CXX_LIBRARY = "libc++";
				CLANG_ENABLE_MODULES = YES;
				CLANG_ENABLE_OBJC_ARC = YES;
				CLANG_ENABLE_OBJC_WEAK = YES;
				CLANG_WARN_BLOCK_CAPTURE_AUTORELEASING = YES;
				CLANG_WARN_BOOL_CONVERSION = YES;
				CLANG_WARN_COMMA = YES;
				CLANG_WARN_CONSTANT_CONVERSION = YES;
				CLANG_WARN_DEPRECATED_OBJC_IMPLEMENTATIONS = YES;
				CLANG_WARN_DIRECT_OBJC_ISA_USAGE = YES_ERROR;
				CLANG_WARN_DOCUMENTATION_COMMENTS = YES;
				CLANG_WARN_EMPTY_BODY = YES;
				CLANG_WARN_ENUM_CONVERSION = YES;
				CLANG_WARN_INFINITE_RECURSION = YES;
				CLANG_WARN_INT_CONVERSION = YES;
				CLANG_WARN_NON_LITERAL_NULL_CONVERSION = YES;
				CLANG_WARN_OBJC_IMPLICIT_RETAIN_SELF = YES;
				CLANG_WARN_OBJC_LITERAL_CONVERSION = YES;
				CLANG_WARN_OBJC_ROOT_CLASS = YES_ERROR;
				CLANG_WARN_QUOTED_INCLUDE_IN_FRAMEWORK_HEADER = YES;
				CLANG_WARN_RANGE_LOOP_ANALYSIS = YES;
				CLANG_WARN_STRICT_PROTOTYPES = YES;
				CLANG_WARN_SUSPICIOUS_MOVE = YES;
				CLANG_WARN_UNGUARDED_AVAILABILITY = YES_AGGRESSIVE;
				CLANG_WARN_UNREACHABLE_CODE = YES;
				CLANG_WARN__DUPLICATE_METHOD_MATCH = YES;
				COPY_PHASE_STRIP = NO;
				DEBUG_INFORMATION_FORMAT = "dwarf-with-dsym";
				ENABLE_NS_ASSERTIONS = NO;
				ENABLE_STRICT_OBJC_MSGSEND = YES;
				GCC_C_LANGUAGE_STANDARD = gnu11;
				GCC_NO_COMMON_BLOCKS = YES;
				GCC_WARN_64_TO_32_BIT_CONVERSION = YES;
				GCC_WARN_ABOUT_RETURN_TYPE = YES_ERROR;
				GCC_WARN_UNDECLARED_SELECTOR = YES;
				GCC_WARN_UNINITIALIZED_AUTOS = YES_AGGRESSIVE;
				GCC_WARN_UNUSED_FUNCTION = YES;
				GCC_WARN_UNUSED_VARIABLE = YES;
				IPHONEOS_DEPLOYMENT_TARGET = 14.4;
				MTL_ENABLE_DEBUG_INFO = NO;
				MTL_FAST_MATH = YES;
				SDKROOT = iphoneos;
				SWIFT_COMPILATION_MODE = wholemodule;
				SWIFT_OPTIMIZATION_LEVEL = "-O";
				VALIDATE_PRODUCT = YES;
			};
			name = Release;
		};
		9F3676AC26BC31C600EF6DD5 /* Debug */ = {
			isa = XCBuildConfiguration;
			baseConfigurationReference = DE0ADCDACEAC8A6FBF611401 /* Pods-MoviesApp.debug.xcconfig */;
			buildSettings = {
				ASSETCATALOG_COMPILER_APPICON_NAME = AppIcon;
				ASSETCATALOG_COMPILER_GLOBAL_ACCENT_COLOR_NAME = AccentColor;
				CODE_SIGN_STYLE = Automatic;
				INFOPLIST_FILE = MoviesApp/Info.plist;
				LD_RUNPATH_SEARCH_PATHS = (
					"$(inherited)",
					"@executable_path/Frameworks",
				);
				PRODUCT_BUNDLE_IDENTIFIER = com.example.test.MoviesApp;
				PRODUCT_NAME = "$(TARGET_NAME)";
				SWIFT_VERSION = 5.0;
				TARGETED_DEVICE_FAMILY = "1,2";
			};
			name = Debug;
		};
		9F3676AD26BC31C600EF6DD5 /* Release */ = {
			isa = XCBuildConfiguration;
			baseConfigurationReference = FF9F3427963546A8B8F358AA /* Pods-MoviesApp.release.xcconfig */;
			buildSettings = {
				ASSETCATALOG_COMPILER_APPICON_NAME = AppIcon;
				ASSETCATALOG_COMPILER_GLOBAL_ACCENT_COLOR_NAME = AccentColor;
				CODE_SIGN_STYLE = Automatic;
				INFOPLIST_FILE = MoviesApp/Info.plist;
				LD_RUNPATH_SEARCH_PATHS = (
					"$(inherited)",
					"@executable_path/Frameworks",
				);
				PRODUCT_BUNDLE_IDENTIFIER = com.example.test.MoviesApp;
				PRODUCT_NAME = "$(TARGET_NAME)";
				SWIFT_VERSION = 5.0;
				TARGETED_DEVICE_FAMILY = "1,2";
			};
			name = Release;
		};
		9F3676AF26BC31C600EF6DD5 /* Debug */ = {
			isa = XCBuildConfiguration;
			buildSettings = {
				ALWAYS_EMBED_SWIFT_STANDARD_LIBRARIES = YES;
				BUNDLE_LOADER = "$(TEST_HOST)";
				CODE_SIGN_STYLE = Automatic;
				INFOPLIST_FILE = MoviesAppTests/Info.plist;
				IPHONEOS_DEPLOYMENT_TARGET = 14.4;
				LD_RUNPATH_SEARCH_PATHS = (
					"$(inherited)",
					"@executable_path/Frameworks",
					"@loader_path/Frameworks",
				);
				PRODUCT_BUNDLE_IDENTIFIER = com.example.test.MoviesAppTests;
				PRODUCT_NAME = "$(TARGET_NAME)";
				SWIFT_VERSION = 5.0;
				TARGETED_DEVICE_FAMILY = "1,2";
				TEST_HOST = "$(BUILT_PRODUCTS_DIR)/MoviesApp.app/MoviesApp";
			};
			name = Debug;
		};
		9F3676B026BC31C600EF6DD5 /* Release */ = {
			isa = XCBuildConfiguration;
			buildSettings = {
				ALWAYS_EMBED_SWIFT_STANDARD_LIBRARIES = YES;
				BUNDLE_LOADER = "$(TEST_HOST)";
				CODE_SIGN_STYLE = Automatic;
				INFOPLIST_FILE = MoviesAppTests/Info.plist;
				IPHONEOS_DEPLOYMENT_TARGET = 14.4;
				LD_RUNPATH_SEARCH_PATHS = (
					"$(inherited)",
					"@executable_path/Frameworks",
					"@loader_path/Frameworks",
				);
				PRODUCT_BUNDLE_IDENTIFIER = com.example.test.MoviesAppTests;
				PRODUCT_NAME = "$(TARGET_NAME)";
				SWIFT_VERSION = 5.0;
				TARGETED_DEVICE_FAMILY = "1,2";
				TEST_HOST = "$(BUILT_PRODUCTS_DIR)/MoviesApp.app/MoviesApp";
			};
			name = Release;
		};
		9F3676B226BC31C600EF6DD5 /* Debug */ = {
			isa = XCBuildConfiguration;
			buildSettings = {
				ALWAYS_EMBED_SWIFT_STANDARD_LIBRARIES = YES;
				CODE_SIGN_STYLE = Automatic;
				INFOPLIST_FILE = MoviesAppUITests/Info.plist;
				LD_RUNPATH_SEARCH_PATHS = (
					"$(inherited)",
					"@executable_path/Frameworks",
					"@loader_path/Frameworks",
				);
				PRODUCT_BUNDLE_IDENTIFIER = com.example.test.MoviesAppUITests;
				PRODUCT_NAME = "$(TARGET_NAME)";
				SWIFT_VERSION = 5.0;
				TARGETED_DEVICE_FAMILY = "1,2";
				TEST_TARGET_NAME = MoviesApp;
			};
			name = Debug;
		};
		9F3676B326BC31C600EF6DD5 /* Release */ = {
			isa = XCBuildConfiguration;
			buildSettings = {
				ALWAYS_EMBED_SWIFT_STANDARD_LIBRARIES = YES;
				CODE_SIGN_STYLE = Automatic;
				INFOPLIST_FILE = MoviesAppUITests/Info.plist;
				LD_RUNPATH_SEARCH_PATHS = (
					"$(inherited)",
					"@executable_path/Frameworks",
					"@loader_path/Frameworks",
				);
				PRODUCT_BUNDLE_IDENTIFIER = com.example.test.MoviesAppUITests;
				PRODUCT_NAME = "$(TARGET_NAME)";
				SWIFT_VERSION = 5.0;
				TARGETED_DEVICE_FAMILY = "1,2";
				TEST_TARGET_NAME = MoviesApp;
			};
			name = Release;
		};
/* End XCBuildConfiguration section */

/* Begin XCConfigurationList section */
		9F36767926BC31C400EF6DD5 /* Build configuration list for PBXProject "MoviesApp" */ = {
			isa = XCConfigurationList;
			buildConfigurations = (
				9F3676A926BC31C600EF6DD5 /* Debug */,
				9F3676AA26BC31C600EF6DD5 /* Release */,
			);
			defaultConfigurationIsVisible = 0;
			defaultConfigurationName = Release;
		};
		9F3676AB26BC31C600EF6DD5 /* Build configuration list for PBXNativeTarget "MoviesApp" */ = {
			isa = XCConfigurationList;
			buildConfigurations = (
				9F3676AC26BC31C600EF6DD5 /* Debug */,
				9F3676AD26BC31C600EF6DD5 /* Release */,
			);
			defaultConfigurationIsVisible = 0;
			defaultConfigurationName = Release;
		};
		9F3676AE26BC31C600EF6DD5 /* Build configuration list for PBXNativeTarget "MoviesAppTests" */ = {
			isa = XCConfigurationList;
			buildConfigurations = (
				9F3676AF26BC31C600EF6DD5 /* Debug */,
				9F3676B026BC31C600EF6DD5 /* Release */,
			);
			defaultConfigurationIsVisible = 0;
			defaultConfigurationName = Release;
		};
		9F3676B126BC31C600EF6DD5 /* Build configuration list for PBXNativeTarget "MoviesAppUITests" */ = {
			isa = XCConfigurationList;
			buildConfigurations = (
				9F3676B226BC31C600EF6DD5 /* Debug */,
				9F3676B326BC31C600EF6DD5 /* Release */,
			);
			defaultConfigurationIsVisible = 0;
			defaultConfigurationName = Release;
		};
/* End XCConfigurationList section */

/* Begin XCVersionGroup section */
		9F36768A26BC31C400EF6DD5 /* MoviesApp.xcdatamodeld */ = {
			isa = XCVersionGroup;
			children = (
				9F36768B26BC31C400EF6DD5 /* MoviesApp.xcdatamodel */,
			);
			currentVersion = 9F36768B26BC31C400EF6DD5 /* MoviesApp.xcdatamodel */;
			path = MoviesApp.xcdatamodeld;
			sourceTree = "<group>";
			versionGroupType = wrapper.xcdatamodel;
		};
/* End XCVersionGroup section */
	};
	rootObject = 9F36767626BC31C400EF6DD5 /* Project object */;
}
